{
  "name": "chrome_Extension",
  "lockfileVersion": 3,
  "requires": true,
  "packages": {
    "": {
      "dependencies": {
        "chrome-types": "^0.1.294"
      },
      "devDependencies": {
        "typescript": "^5.5.4"
      }
    },
    "node_modules/chrome-types": {
      "version": "0.1.294",
      "resolved": "https://registry.npmjs.org/chrome-types/-/chrome-types-0.1.294.tgz",
      "integrity": "sha512-oug/cAk1XJnDzVI9h72ffbmrDdk+847wju3rbZzIm0DA11p62tz5VIsCwmPzyDv9zNNk5vl/jQF4g0mLcgrL1Q=="
    },
    "node_modules/typescript": {
      "version": "5.5.4",
      "resolved": "https://registry.npmjs.org/typescript/-/typescript-5.5.4.tgz",
      "integrity": "sha512-Mtq29sKDAEYP7aljRgtPOpTvOfbwRWlS6dPRzwjdE+C0R4brX/GUyhHSecbHMFLNBLcJIPt9nl9yG5TZ1weH+Q==",
      "dev": true,
      "bin": {
        "tsc": "bin/tsc",
        "tsserver": "bin/tsserver"
      },
      "engines": {
        "node": ">=14.17"
      }
    }
  }
}
